<?xml version="1.0" encoding="utf-8"?>
<Project ToolsVersion="4.0" xmlns="http://schemas.microsoft.com/developer/msbuild/2003">
  <ItemGroup>
    <Filter Include="Source Files">
      <UniqueIdentifier>{4FC737F1-C7A5-4376-A066-2A32D752A2FF}</UniqueIdentifier>
      <Extensions>cpp;c;cc;cxx;def;odl;idl;hpj;bat;asm;asmx</Extensions>
    </Filter>
    <Filter Include="Resource Files">
      <UniqueIdentifier>{67DA6AB6-F800-4c08-8B7A-83BB121AAD01}</UniqueIdentifier>
      <Extensions>rc;ico;cur;bmp;dlg;rc2;rct;bin;rgs;gif;jpg;jpeg;jpe;resx;tiff;tif;png;wav;mfcribbon-ms</Extensions>
    </Filter>
    <Filter Include="LinearAlgebra">
      <UniqueIdentifier>{aac9145b-1c1e-41a3-8993-f1ea21353f37}</UniqueIdentifier>
    </Filter>
    <Filter Include="Utility">
      <UniqueIdentifier>{bf9600d8-97fe-4053-ac1b-0d1c50584d9e}</UniqueIdentifier>
    </Filter>
    <Filter Include="Curves">
      <UniqueIdentifier>{8123c0cf-ae62-4db8-a897-0efea1458913}</UniqueIdentifier>
    </Filter>
  </ItemGroup>
  <ItemGroup>
    <ClInclude Include="hermit_curve.h">
      <Filter>Curves</Filter>
    </ClInclude>
    <ClInclude Include="math.h">
      <Filter>Utility</Filter>
    </ClInclude>
    <ClInclude Include="metaprog.h">
      <Filter>Utility</Filter>
    </ClInclude>
    <ClInclude Include="operations.h">
      <Filter>LinearAlgebra</Filter>
    </ClInclude>
    <ClInclude Include="quaternion.h">
      <Filter>LinearAlgebra</Filter>
    </ClInclude>
    <ClInclude Include="transformations.h">
      <Filter>LinearAlgebra</Filter>
    </ClInclude>
    <ClInclude Include="vector.h">
      <Filter>LinearAlgebra</Filter>
    </ClInclude>
    <ClInclude Include="matrix.h">
      <Filter>LinearAlgebra</Filter>
    </ClInclude>
  </ItemGroup>
</Project>